
Microsoft Visual Studio Solution File, Format Version 12.00
# Visual Studio 15
VisualStudioVersion = 15.0.28307.168
MinimumVisualStudioVersion = 10.0.40219.1
Project("{FAE04EC0-301F-11D3-BF4B-00C04F79EFBC}") = "SimpleDataApp", "SimpleDataApp\SimpleDataApp.csproj", "{CC7DCFD9-D871-4794-A46A-EFEAADC532F1}"
EndProject
Global
	GlobalSection(SolutionConfigurationPlatforms) = preSolution
		Debug|Any CPU = Debug|Any CPU
		Release|Any CPU = Release|Any CPU
	EndGlobalSection
	GlobalSection(ProjectConfigurationPlatforms) = postSolution
		{CC7DCFD9-D871-4794-A46A-EFEAADC532F1}.Debug|Any CPU.ActiveCfg = Debug|Any CPU
		{CC7DCFD9-D871-4794-A46A-EFEAADC532F1}.Debug|Any CPU.Build.0 = Debug|Any CPU
		{CC7DCFD9-D871-4794-A46A-EFEAADC532F1}.Release|Any CPU.ActiveCfg = Release|Any CPU
		{CC7DCFD9-D871-4794-A46A-EFEAADC532F1}.Release|Any CPU.Build.0 = Release|Any CPU
	EndGlobalSection
	GlobalSection(SolutionProperties) = preSolution
		HideSolutionNode = FALSE
	EndGlobalSection
	GlobalSection(ExtensibilityGlobals) = postSolution
		SolutionGuid = {05B0E273-3CA9-488B-9E61-B2AA5DC72011}
	EndGlobalSection
EndGlobal
